
Microsoft Visual Studio Solution File, Format Version 12.00
# Visual Studio Version 16
VisualStudioVersion = 16.0.30621.155
MinimumVisualStudioVersion = 10.0.40219.1
Project("{9A19103F-16F7-4668-BE54-9A1E7A4F7556}") = "ScheduleBrewProjectTests", "ScheduleBrewProjectTests\ScheduleBrewProjectTests.csproj", "{A38C3BE6-A1E1-4047-82C6-2D7EE786B983}"
EndProject
Project("{9A19103F-16F7-4668-BE54-9A1E7A4F7556}") = "ScheduleBrewEFClasses", "ScheduleBrewEFClasses\ScheduleBrewEFClasses.csproj", "{FFE05201-7104-498C-8779-AC398C843EE9}"
EndProject
Project("{9A19103F-16F7-4668-BE54-9A1E7A4F7556}") = "ScheduleBrewAPI", "ScheduleBrewAPI\ScheduleBrewAPI.csproj", "{EEBC4D07-BD20-4404-80C0-76D1C625DDEA}"
EndProject
Project("{FAE04EC0-301F-11D3-BF4B-00C04F79EFBC}") = "ScheduleBrewUPW", "..\..\..\..\source\repos\HelloWorld\HelloWorld\ScheduleBrewUPW.csproj", "{98CD34D2-1603-4426-9568-B1A8D2126CEA}"
EndProject
Global
	GlobalSection(SolutionConfigurationPlatforms) = preSolution
		Debug|Any CPU = Debug|Any CPU
		Debug|ARM = Debug|ARM
		Debug|ARM64 = Debug|ARM64
		Debug|x64 = Debug|x64
		Debug|x86 = Debug|x86
		Release|Any CPU = Release|Any CPU
		Release|ARM = Release|ARM
		Release|ARM64 = Release|ARM64
		Release|x64 = Release|x64
		Release|x86 = Release|x86
	EndGlobalSection
	GlobalSection(ProjectConfigurationPlatforms) = postSolution
		{A38C3BE6-A1E1-4047-82C6-2D7EE786B983}.Debug|Any CPU.ActiveCfg = Debug|Any CPU
		{A38C3BE6-A1E1-4047-82C6-2D7EE786B983}.Debug|Any CPU.Build.0 = Debug|Any CPU
		{A38C3BE6-A1E1-4047-82C6-2D7EE786B983}.Debug|ARM.ActiveCfg = Debug|Any CPU
		{A38C3BE6-A1E1-4047-82C6-2D7EE786B983}.Debug|ARM.Build.0 = Debug|Any CPU
		{A38C3BE6-A1E1-4047-82C6-2D7EE786B983}.Debug|ARM64.ActiveCfg = Debug|Any CPU
		{A38C3BE6-A1E1-4047-82C6-2D7EE786B983}.Debug|ARM64.Build.0 = Debug|Any CPU
		{A38C3BE6-A1E1-4047-82C6-2D7EE786B983}.Debug|x64.ActiveCfg = Debug|Any CPU
		{A38C3BE6-A1E1-4047-82C6-2D7EE786B983}.Debug|x64.Build.0 = Debug|Any CPU
		{A38C3BE6-A1E1-4047-82C6-2D7EE786B983}.Debug|x86.ActiveCfg = Debug|Any CPU
		{A38C3BE6-A1E1-4047-82C6-2D7EE786B983}.Debug|x86.Build.0 = Debug|Any CPU
		{A38C3BE6-A1E1-4047-82C6-2D7EE786B983}.Release|Any CPU.ActiveCfg = Release|Any CPU
		{A38C3BE6-A1E1-4047-82C6-2D7EE786B983}.Release|Any CPU.Build.0 = Release|Any CPU
		{A38C3BE6-A1E1-4047-82C6-2D7EE786B983}.Release|ARM.ActiveCfg = Release|Any CPU
		{A38C3BE6-A1E1-4047-82C6-2D7EE786B983}.Release|ARM.Build.0 = Release|Any CPU
		{A38C3BE6-A1E1-4047-82C6-2D7EE786B983}.Release|ARM64.ActiveCfg = Release|Any CPU
		{A38C3BE6-A1E1-4047-82C6-2D7EE786B983}.Release|ARM64.Build.0 = Release|Any CPU
		{A38C3BE6-A1E1-4047-82C6-2D7EE786B983}.Release|x64.ActiveCfg = Release|Any CPU
		{A38C3BE6-A1E1-4047-82C6-2D7EE786B983}.Release|x64.Build.0 = Release|Any CPU
		{A38C3BE6-A1E1-4047-82C6-2D7EE786B983}.Release|x86.ActiveCfg = Release|Any CPU
		{A38C3BE6-A1E1-4047-82C6-2D7EE786B983}.Release|x86.Build.0 = Release|Any CPU
		{FFE05201-7104-498C-8779-AC398C843EE9}.Debug|Any CPU.ActiveCfg = Debug|Any CPU
		{FFE05201-7104-498C-8779-AC398C843EE9}.Debug|Any CPU.Build.0 = Debug|Any CPU
		{FFE05201-7104-498C-8779-AC398C843EE9}.Debug|ARM.ActiveCfg = Debug|Any CPU
		{FFE05201-7104-498C-8779-AC398C843EE9}.Debug|ARM.Build.0 = Debug|Any CPU
		{FFE05201-7104-498C-8779-AC398C843EE9}.Debug|ARM64.ActiveCfg = Debug|Any CPU
		{FFE05201-7104-498C-8779-AC398C843EE9}.Debug|ARM64.Build.0 = Debug|Any CPU
		{FFE05201-7104-498C-8779-AC398C843EE9}.Debug|x64.ActiveCfg = Debug|Any CPU
		{FFE05201-7104-498C-8779-AC398C843EE9}.Debug|x64.Build.0 = Debug|Any CPU
		{FFE05201-7104-498C-8779-AC398C843EE9}.Debug|x86.ActiveCfg = Debug|Any CPU
		{FFE05201-7104-498C-8779-AC398C843EE9}.Debug|x86.Build.0 = Debug|Any CPU
		{FFE05201-7104-498C-8779-AC398C843EE9}.Release|Any CPU.ActiveCfg = Release|Any CPU
		{FFE05201-7104-498C-8779-AC398C843EE9}.Release|Any CPU.Build.0 = Release|Any CPU
		{FFE05201-7104-498C-8779-AC398C843EE9}.Release|ARM.ActiveCfg = Release|Any CPU
		{FFE05201-7104-498C-8779-AC398C843EE9}.Release|ARM.Build.0 = Release|Any CPU
		{FFE05201-7104-498C-8779-AC398C843EE9}.Release|ARM64.ActiveCfg = Release|Any CPU
		{FFE05201-7104-498C-8779-AC398C843EE9}.Release|ARM64.Build.0 = Release|Any CPU
		{FFE05201-7104-498C-8779-AC398C843EE9}.Release|x64.ActiveCfg = Release|Any CPU
		{FFE05201-7104-498C-8779-AC398C843EE9}.Release|x64.Build.0 = Release|Any CPU
		{FFE05201-7104-498C-8779-AC398C843EE9}.Release|x86.ActiveCfg = Release|Any CPU
		{FFE05201-7104-498C-8779-AC398C843EE9}.Release|x86.Build.0 = Release|Any CPU
		{EEBC4D07-BD20-4404-80C0-76D1C625DDEA}.Debug|Any CPU.ActiveCfg = Debug|Any CPU
		{EEBC4D07-BD20-4404-80C0-76D1C625DDEA}.Debug|Any CPU.Build.0 = Debug|Any CPU
		{EEBC4D07-BD20-4404-80C0-76D1C625DDEA}.Debug|ARM.ActiveCfg = Debug|Any CPU
		{EEBC4D07-BD20-4404-80C0-76D1C625DDEA}.Debug|ARM.Build.0 = Debug|Any CPU
		{EEBC4D07-BD20-4404-80C0-76D1C625DDEA}.Debug|ARM64.ActiveCfg = Debug|Any CPU
		{EEBC4D07-BD20-4404-80C0-76D1C625DDEA}.Debug|ARM64.Build.0 = Debug|Any CPU
		{EEBC4D07-BD20-4404-80C0-76D1C625DDEA}.Debug|x64.ActiveCfg = Debug|Any CPU
		{EEBC4D07-BD20-4404-80C0-76D1C625DDEA}.Debug|x64.Build.0 = Debug|Any CPU
		{EEBC4D07-BD20-4404-80C0-76D1C625DDEA}.Debug|x86.ActiveCfg = Debug|Any CPU
		{EEBC4D07-BD20-4404-80C0-76D1C625DDEA}.Debug|x86.Build.0 = Debug|Any CPU
		{EEBC4D07-BD20-4404-80C0-76D1C625DDEA}.Release|Any CPU.ActiveCfg = Release|Any CPU
		{EEBC4D07-BD20-4404-80C0-76D1C625DDEA}.Release|Any CPU.Build.0 = Release|Any CPU
		{EEBC4D07-BD20-4404-80C0-76D1C625DDEA}.Release|ARM.ActiveCfg = Release|Any CPU
		{EEBC4D07-BD20-4404-80C0-76D1C625DDEA}.Release|ARM.Build.0 = Release|Any CPU
		{EEBC4D07-BD20-4404-80C0-76D1C625DDEA}.Release|ARM64.ActiveCfg = Release|Any CPU
		{EEBC4D07-BD20-4404-80C0-76D1C625DDEA}.Release|ARM64.Build.0 = Release|Any CPU
		{EEBC4D07-BD20-4404-80C0-76D1C625DDEA}.Release|x64.ActiveCfg = Release|Any CPU
		{EEBC4D07-BD20-4404-80C0-76D1C625DDEA}.Release|x64.Build.0 = Release|Any CPU
		{EEBC4D07-BD20-4404-80C0-76D1C625DDEA}.Release|x86.ActiveCfg = Release|Any CPU
		{EEBC4D07-BD20-4404-80C0-76D1C625DDEA}.Release|x86.Build.0 = Release|Any CPU
		{98CD34D2-1603-4426-9568-B1A8D2126CEA}.Debug|Any CPU.ActiveCfg = Debug|x86
		{98CD34D2-1603-4426-9568-B1A8D2126CEA}.Debug|ARM.ActiveCfg = Debug|ARM
		{98CD34D2-1603-4426-9568-B1A8D2126CEA}.Debug|ARM.Build.0 = Debug|ARM
		{98CD34D2-1603-4426-9568-B1A8D2126CEA}.Debug|ARM.Deploy.0 = Debug|ARM
		{98CD34D2-1603-4426-9568-B1A8D2126CEA}.Debug|ARM64.ActiveCfg = Debug|ARM64
		{98CD34D2-1603-4426-9568-B1A8D2126CEA}.Debug|ARM64.Build.0 = Debug|ARM64
		{98CD34D2-1603-4426-9568-B1A8D2126CEA}.Debug|ARM64.Deploy.0 = Debug|ARM64
		{98CD34D2-1603-4426-9568-B1A8D2126CEA}.Debug|x64.ActiveCfg = Debug|x64
		{98CD34D2-1603-4426-9568-B1A8D2126CEA}.Debug|x64.Build.0 = Debug|x64
		{98CD34D2-1603-4426-9568-B1A8D2126CEA}.Debug|x64.Deploy.0 = Debug|x64
		{98CD34D2-1603-4426-9568-B1A8D2126CEA}.Debug|x86.ActiveCfg = Debug|x86
		{98CD34D2-1603-4426-9568-B1A8D2126CEA}.Debug|x86.Build.0 = Debug|x86
		{98CD34D2-1603-4426-9568-B1A8D2126CEA}.Debug|x86.Deploy.0 = Debug|x86
		{98CD34D2-1603-4426-9568-B1A8D2126CEA}.Release|Any CPU.ActiveCfg = Release|x86
		{98CD34D2-1603-4426-9568-B1A8D2126CEA}.Release|ARM.ActiveCfg = Release|ARM
		{98CD34D2-1603-4426-9568-B1A8D2126CEA}.Release|ARM.Build.0 = Release|ARM
		{98CD34D2-1603-4426-9568-B1A8D2126CEA}.Release|ARM.Deploy.0 = Release|ARM
		{98CD34D2-1603-4426-9568-B1A8D2126CEA}.Release|ARM64.ActiveCfg = Release|ARM64
		{98CD34D2-1603-4426-9568-B1A8D2126CEA}.Release|ARM64.Build.0 = Release|ARM64
		{98CD34D2-1603-4426-9568-B1A8D2126CEA}.Release|ARM64.Deploy.0 = Release|ARM64
		{98CD34D2-1603-4426-9568-B1A8D2126CEA}.Release|x64.ActiveCfg = Release|x64
		{98CD34D2-1603-4426-9568-B1A8D2126CEA}.Release|x64.Build.0 = Release|x64
		{98CD34D2-1603-4426-9568-B1A8D2126CEA}.Release|x64.Deploy.0 = Release|x64
		{98CD34D2-1603-4426-9568-B1A8D2126CEA}.Release|x86.ActiveCfg = Release|x86
		{98CD34D2-1603-4426-9568-B1A8D2126CEA}.Release|x86.Build.0 = Release|x86
		{98CD34D2-1603-4426-9568-B1A8D2126CEA}.Release|x86.Deploy.0 = Release|x86
	EndGlobalSection
	GlobalSection(SolutionProperties) = preSolution
		HideSolutionNode = FALSE
	EndGlobalSection
	GlobalSection(ExtensibilityGlobals) = postSolution
		SolutionGuid = {8A7642E3-4DBB-4A7A-A760-A2EAEE8EE18C}
	EndGlobalSection
EndGlobal
